
Microsoft Visual Studio Solution File, Format Version 12.00
# Visual Studio Version 16
VisualStudioVersion = 16.0.32002.261
MinimumVisualStudioVersion = 10.0.40219.1
Project("{FAE04EC0-301F-11D3-BF4B-00C04F79EFBC}") = "Assignment", "Assignment.csproj", "{874909EE-6008-49F2-86D7-10A971D241C1}"
EndProject
Global
	GlobalSection(SolutionConfigurationPlatforms) = preSolution
		Debug|Any CPU = Debug|Any CPU
		Release|Any CPU = Release|Any CPU
	EndGlobalSection
	GlobalSection(ProjectConfigurationPlatforms) = postSolution
		{874909EE-6008-49F2-86D7-10A971D241C1}.Debug|Any CPU.ActiveCfg = Debug|Any CPU
		{874909EE-6008-49F2-86D7-10A971D241C1}.Debug|Any CPU.Build.0 = Debug|Any CPU
		{874909EE-6008-49F2-86D7-10A971D241C1}.Release|Any CPU.ActiveCfg = Release|Any CPU
		{874909EE-6008-49F2-86D7-10A971D241C1}.Release|Any CPU.Build.0 = Release|Any CPU
	EndGlobalSection
	GlobalSection(SolutionProperties) = preSolution
		HideSolutionNode = FALSE
	EndGlobalSection
	GlobalSection(ExtensibilityGlobals) = postSolution
		SolutionGuid = {9D275552-C63B-4391-A24B-E30F7BD6253F}
	EndGlobalSection
EndGlobal
